
Microsoft Visual Studio Solution File, Format Version 12.00
# Visual Studio Version 17
VisualStudioVersion = 17.14.37216.2 d17.14
MinimumVisualStudioVersion = 10.0.40219.1
Project("{FAE04EC0-301F-11D3-BF4B-00C04F79EFBC}") = "001_Schleife", "001_Schleife\001_Schleife.csproj", "{C685A21F-0099-4DF1-9DE8-7B1B6B0626F1}"
EndProject
Global
	GlobalSection(SolutionConfigurationPlatforms) = preSolution
		Debug|Any CPU = Debug|Any CPU
		Release|Any CPU = Release|Any CPU
	EndGlobalSection
	GlobalSection(ProjectConfigurationPlatforms) = postSolution
		{C685A21F-0099-4DF1-9DE8-7B1B6B0626F1}.Debug|Any CPU.ActiveCfg = Debug|Any CPU
		{C685A21F-0099-4DF1-9DE8-7B1B6B0626F1}.Debug|Any CPU.Build.0 = Debug|Any CPU
		{C685A21F-0099-4DF1-9DE8-7B1B6B0626F1}.Release|Any CPU.ActiveCfg = Release|Any CPU
		{C685A21F-0099-4DF1-9DE8-7B1B6B0626F1}.Release|Any CPU.Build.0 = Release|Any CPU
	EndGlobalSection
	GlobalSection(SolutionProperties) = preSolution
		HideSolutionNode = FALSE
	EndGlobalSection
	GlobalSection(ExtensibilityGlobals) = postSolution
		SolutionGuid = {C79FCE86-DFCA-40D7-8520-7B39513CA160}
	EndGlobalSection
EndGlobal
