
Microsoft Visual Studio Solution File, Format Version 12.00
# Visual Studio Version 17
VisualStudioVersion = 17.14.37216.2 d17.14
MinimumVisualStudioVersion = 10.0.40219.1
Project("{FAE04EC0-301F-11D3-BF4B-00C04F79EFBC}") = "002_Werkzeugausgabe", "002_Werkzeugausgabe\002_Werkzeugausgabe.csproj", "{CE34D31A-15DC-4A3C-A234-07AE95413979}"
EndProject
Global
	GlobalSection(SolutionConfigurationPlatforms) = preSolution
		Debug|Any CPU = Debug|Any CPU
		Release|Any CPU = Release|Any CPU
	EndGlobalSection
	GlobalSection(ProjectConfigurationPlatforms) = postSolution
		{CE34D31A-15DC-4A3C-A234-07AE95413979}.Debug|Any CPU.ActiveCfg = Debug|Any CPU
		{CE34D31A-15DC-4A3C-A234-07AE95413979}.Debug|Any CPU.Build.0 = Debug|Any CPU
		{CE34D31A-15DC-4A3C-A234-07AE95413979}.Release|Any CPU.ActiveCfg = Release|Any CPU
		{CE34D31A-15DC-4A3C-A234-07AE95413979}.Release|Any CPU.Build.0 = Release|Any CPU
	EndGlobalSection
	GlobalSection(SolutionProperties) = preSolution
		HideSolutionNode = FALSE
	EndGlobalSection
	GlobalSection(ExtensibilityGlobals) = postSolution
		SolutionGuid = {72970AB9-523A-4AAB-A96C-74CDFC2141D0}
	EndGlobalSection
EndGlobal
